
Microsoft Visual Studio Solution File, Format Version 12.00
# Visual Studio Version 17
VisualStudioVersion = 17.10.35004.147
MinimumVisualStudioVersion = 10.0.40219.1
Project("{9A19103F-16F7-4668-BE54-9A1E7A4F7556}") = "MultiversalRenderer.Core", "MultiversalRenerder\MultiversalRenderer.Core\MultiversalRenderer.Core.csproj", "{C74066CF-A708-406E-B27D-477E01D4D416}"
EndProject
Project("{2150E333-8FDC-42A3-9474-1A3956D46DE8}") = "ソリューション項目", "ソリューション項目", "{46EB2EB3-21B5-4D9D-B352-603C488F48DD}"
	ProjectSection(SolutionItems) = preProject
		.gitignore = .gitignore
		LICENSE = LICENSE
		README.md = README.md
	EndProjectSection
EndProject
Project("{FAE04EC0-301F-11D3-BF4B-00C04F79EFBC}") = "Interfaces", "MultiversalRenerder\Interfaces\Interfaces.csproj", "{CF8042AF-6B0C-4F46-A0D3-A5D579D6B3BD}"
EndProject
Project("{FAE04EC0-301F-11D3-BF4B-00C04F79EFBC}") = "MulversalRenderer.Core.Test", "MulversalRenderer.Core.Test\MulversalRenderer.Core.Test.csproj", "{7AA67F16-2060-4795-AD73-90F60911EF18}"
EndProject
Project("{FAE04EC0-301F-11D3-BF4B-00C04F79EFBC}") = "NilJsProcessor", "MultiversalRenerder\NilJsProcessor\NilJsProcessor.csproj", "{C08677ED-3D4D-45F6-80AE-39E030F52091}"
EndProject
Project("{FAE04EC0-301F-11D3-BF4B-00C04F79EFBC}") = "PythonProcessor", "MultiversalRenerder\PythonProssesor\PythonProcessor.csproj", "{05B7075D-F3F2-4FF1-92E1-34345643E4A6}"
EndProject
Project("{FAE04EC0-301F-11D3-BF4B-00C04F79EFBC}") = "ClearScriptProcessor", "MultiversalRenerder\ClearScriptProcessor\ClearScriptProcessor.csproj", "{9516DAEC-A5B7-84A1-CE3B-05736E1565E8}"
EndProject
Project("{FAE04EC0-301F-11D3-BF4B-00C04F79EFBC}") = "ClearScriptProcessorTester", "MultiversalRenerder\ClearScriptProcessorTester\ClearScriptProcessorTester.csproj", "{45C7AFF5-E1A1-EE6C-A9A8-2C2212951253}"
EndProject
Global
	GlobalSection(SolutionConfigurationPlatforms) = preSolution
		Debug|Any CPU = Debug|Any CPU
		Release|Any CPU = Release|Any CPU
	EndGlobalSection
	GlobalSection(ProjectConfigurationPlatforms) = postSolution
		{C74066CF-A708-406E-B27D-477E01D4D416}.Debug|Any CPU.ActiveCfg = Debug|Any CPU
		{C74066CF-A708-406E-B27D-477E01D4D416}.Debug|Any CPU.Build.0 = Debug|Any CPU
		{C74066CF-A708-406E-B27D-477E01D4D416}.Release|Any CPU.ActiveCfg = Release|Any CPU
		{C74066CF-A708-406E-B27D-477E01D4D416}.Release|Any CPU.Build.0 = Release|Any CPU
		{CF8042AF-6B0C-4F46-A0D3-A5D579D6B3BD}.Debug|Any CPU.ActiveCfg = Debug|Any CPU
		{CF8042AF-6B0C-4F46-A0D3-A5D579D6B3BD}.Debug|Any CPU.Build.0 = Debug|Any CPU
		{CF8042AF-6B0C-4F46-A0D3-A5D579D6B3BD}.Release|Any CPU.ActiveCfg = Release|Any CPU
		{CF8042AF-6B0C-4F46-A0D3-A5D579D6B3BD}.Release|Any CPU.Build.0 = Release|Any CPU
		{7AA67F16-2060-4795-AD73-90F60911EF18}.Debug|Any CPU.ActiveCfg = Debug|Any CPU
		{7AA67F16-2060-4795-AD73-90F60911EF18}.Debug|Any CPU.Build.0 = Debug|Any CPU
		{7AA67F16-2060-4795-AD73-90F60911EF18}.Release|Any CPU.ActiveCfg = Release|Any CPU
		{7AA67F16-2060-4795-AD73-90F60911EF18}.Release|Any CPU.Build.0 = Release|Any CPU
		{C08677ED-3D4D-45F6-80AE-39E030F52091}.Debug|Any CPU.ActiveCfg = Debug|Any CPU
		{C08677ED-3D4D-45F6-80AE-39E030F52091}.Debug|Any CPU.Build.0 = Debug|Any CPU
		{C08677ED-3D4D-45F6-80AE-39E030F52091}.Release|Any CPU.ActiveCfg = Release|Any CPU
		{C08677ED-3D4D-45F6-80AE-39E030F52091}.Release|Any CPU.Build.0 = Release|Any CPU
		{05B7075D-F3F2-4FF1-92E1-34345643E4A6}.Debug|Any CPU.ActiveCfg = Debug|Any CPU
		{05B7075D-F3F2-4FF1-92E1-34345643E4A6}.Debug|Any CPU.Build.0 = Debug|Any CPU
		{05B7075D-F3F2-4FF1-92E1-34345643E4A6}.Release|Any CPU.ActiveCfg = Release|Any CPU
		{05B7075D-F3F2-4FF1-92E1-34345643E4A6}.Release|Any CPU.Build.0 = Release|Any CPU
		{9516DAEC-A5B7-84A1-CE3B-05736E1565E8}.Debug|Any CPU.ActiveCfg = Debug|Any CPU
		{9516DAEC-A5B7-84A1-CE3B-05736E1565E8}.Debug|Any CPU.Build.0 = Debug|Any CPU
		{9516DAEC-A5B7-84A1-CE3B-05736E1565E8}.Release|Any CPU.ActiveCfg = Release|Any CPU
		{9516DAEC-A5B7-84A1-CE3B-05736E1565E8}.Release|Any CPU.Build.0 = Release|Any CPU
		{45C7AFF5-E1A1-EE6C-A9A8-2C2212951253}.Debug|Any CPU.ActiveCfg = Debug|Any CPU
		{45C7AFF5-E1A1-EE6C-A9A8-2C2212951253}.Debug|Any CPU.Build.0 = Debug|Any CPU
		{45C7AFF5-E1A1-EE6C-A9A8-2C2212951253}.Release|Any CPU.ActiveCfg = Release|Any CPU
		{45C7AFF5-E1A1-EE6C-A9A8-2C2212951253}.Release|Any CPU.Build.0 = Release|Any CPU
	EndGlobalSection
	GlobalSection(SolutionProperties) = preSolution
		HideSolutionNode = FALSE
	EndGlobalSection
	GlobalSection(NestedProjects) = preSolution
		{CF8042AF-6B0C-4F46-A0D3-A5D579D6B3BD} = {46EB2EB3-21B5-4D9D-B352-603C488F48DD}
		{7AA67F16-2060-4795-AD73-90F60911EF18} = {46EB2EB3-21B5-4D9D-B352-603C488F48DD}
	EndGlobalSection
	GlobalSection(ExtensibilityGlobals) = postSolution
		SolutionGuid = {C682FD05-FE2F-4B58-A599-69B7F85CD4F2}
	EndGlobalSection
EndGlobal
