
Microsoft Visual Studio Solution File, Format Version 12.00
# Visual Studio Version 17
VisualStudioVersion = 17.10.35004.147
MinimumVisualStudioVersion = 10.0.40219.1
Project("{9A19103F-16F7-4668-BE54-9A1E7A4F7556}") = "RhinoNetProcessor", "MultiversalRenerder\RhinoNetProcessor\RhinoNetProcessor.csproj", "{6EFB0EF0-46E1-4F69-8F04-CB4D35CA5FD5}"
	ProjectSection(ProjectDependencies) = postProject
		{EA265B43-1B2E-4A77-8CF8-D14BAA169717} = {EA265B43-1B2E-4A77-8CF8-D14BAA169717}
	EndProjectSection
EndProject
Project("{9A19103F-16F7-4668-BE54-9A1E7A4F7556}") = "ClearScriptV8Processor", "MultiversalRenerder\ClearScriptV8Processor\ClearScriptV8Processor.csproj", "{EA265B43-1B2E-4A77-8CF8-D14BAA169717}"
EndProject
Project("{9A19103F-16F7-4668-BE54-9A1E7A4F7556}") = "Interfaces", "MultiversalRenerder\Interfaces\Interfaces.csproj", "{0C4ED360-0BF8-4CCE-9E96-FA81734A3423}"
EndProject
Project("{9A19103F-16F7-4668-BE54-9A1E7A4F7556}") = "MultiversalRenderer.Core", "MultiversalRenerder\MultiversalRenderer.Core\MultiversalRenderer.Core.csproj", "{C74066CF-A708-406E-B27D-477E01D4D416}"
EndProject
Project("{2150E333-8FDC-42A3-9474-1A3956D46DE8}") = "ソリューション項目", "ソリューション項目", "{46EB2EB3-21B5-4D9D-B352-603C488F48DD}"
	ProjectSection(SolutionItems) = preProject
		.gitignore = .gitignore
		LICENSE = LICENSE
		README.md = README.md
	EndProjectSection
EndProject
Global
	GlobalSection(SolutionConfigurationPlatforms) = preSolution
		Debug|Any CPU = Debug|Any CPU
		Release|Any CPU = Release|Any CPU
	EndGlobalSection
	GlobalSection(ProjectConfigurationPlatforms) = postSolution
		{6EFB0EF0-46E1-4F69-8F04-CB4D35CA5FD5}.Debug|Any CPU.ActiveCfg = Debug|Any CPU
		{6EFB0EF0-46E1-4F69-8F04-CB4D35CA5FD5}.Debug|Any CPU.Build.0 = Debug|Any CPU
		{6EFB0EF0-46E1-4F69-8F04-CB4D35CA5FD5}.Release|Any CPU.ActiveCfg = Release|Any CPU
		{6EFB0EF0-46E1-4F69-8F04-CB4D35CA5FD5}.Release|Any CPU.Build.0 = Release|Any CPU
		{EA265B43-1B2E-4A77-8CF8-D14BAA169717}.Debug|Any CPU.ActiveCfg = Debug|Any CPU
		{EA265B43-1B2E-4A77-8CF8-D14BAA169717}.Debug|Any CPU.Build.0 = Debug|Any CPU
		{EA265B43-1B2E-4A77-8CF8-D14BAA169717}.Release|Any CPU.ActiveCfg = Release|Any CPU
		{EA265B43-1B2E-4A77-8CF8-D14BAA169717}.Release|Any CPU.Build.0 = Release|Any CPU
		{0C4ED360-0BF8-4CCE-9E96-FA81734A3423}.Debug|Any CPU.ActiveCfg = Debug|Any CPU
		{0C4ED360-0BF8-4CCE-9E96-FA81734A3423}.Debug|Any CPU.Build.0 = Debug|Any CPU
		{0C4ED360-0BF8-4CCE-9E96-FA81734A3423}.Release|Any CPU.ActiveCfg = Release|Any CPU
		{0C4ED360-0BF8-4CCE-9E96-FA81734A3423}.Release|Any CPU.Build.0 = Release|Any CPU
		{C74066CF-A708-406E-B27D-477E01D4D416}.Debug|Any CPU.ActiveCfg = Debug|Any CPU
		{C74066CF-A708-406E-B27D-477E01D4D416}.Debug|Any CPU.Build.0 = Debug|Any CPU
		{C74066CF-A708-406E-B27D-477E01D4D416}.Release|Any CPU.ActiveCfg = Release|Any CPU
		{C74066CF-A708-406E-B27D-477E01D4D416}.Release|Any CPU.Build.0 = Release|Any CPU
	EndGlobalSection
	GlobalSection(SolutionProperties) = preSolution
		HideSolutionNode = FALSE
	EndGlobalSection
	GlobalSection(ExtensibilityGlobals) = postSolution
		SolutionGuid = {C682FD05-FE2F-4B58-A599-69B7F85CD4F2}
	EndGlobalSection
EndGlobal
